# This file is autogenerated, do not edit; changes may be undone by the next 'dep ensure'.


[[projects]]
  digest = "1:2f7daa1bfbcd83e7f15933f01dd8306fe9a9b9d509d574f39bba9b0a67605b05"
  name = "github.com/caarlos0/env"
  packages = ["."]
  pruneopts = "UT"
  revision = "9a320ffe30f788798714d91e5735181030db014c"
  version = "v4.0.0"

[[projects]]
  digest = "1:fed1f537c2f1269fe475a8556c393fe466641682d73ef8fd0491cd3aa1e47bad"
  name = "github.com/certifi/gocertifi"
  packages = ["."]
  pruneopts = "UT"
  revision = "deb3ae2ef2610fde3330947281941c562861188b"
  version = "2018.01.18"

[[projects]]
  digest = "1:76dc72490af7174349349838f2fe118996381b31ea83243812a97e5a0fd5ed55"
  name = "github.com/dgrijalva/jwt-go"
  packages = ["."]
  pruneopts = "UT"
  revision = "06ea1031745cb8b3dab3f6a236daf2b0aa468b7e"
  version = "v3.2.0"

[[projects]]
  digest = "1:d18f6f088d7d8365df47f49dfa24b6ff6701a941118ffda30c589d1bd954074b"
  name = "github.com/getsentry/raven-go"
  packages = ["."]
  pruneopts = "UT"
  revision = "f04e7487e9a6b9d9837d52743fb5f40576c56411"
  version = "v0.2.0"

[[projects]]
  digest = "1:717387ace02f887dfd51baf599f71c52c43c06bc3eaf27edba71909443e850a0"
  name = "github.com/go-playground/errors"
  packages = ["."]
  pruneopts = "UT"
  revision = "4050dd2e2e3b2052ef736048661d1d23a4a4e55d"
  version = "v4.0.0"

[[projects]]
  digest = "1:56264c886f03f8e70235ba66472eb0145184a9cbf25df99ce2216d924677d2c9"
  name = "github.com/go-playground/log"
  packages = ["."]
  pruneopts = "UT"
  revision = "fdcdf507e3bf20900bc1a44b0cbd73fee5bcbe19"
  version = "v6.4.0"

[[projects]]
  digest = "1:ec6f9bf5e274c833c911923c9193867f3f18788c461f76f05f62bb1510e0ae65"
  name = "github.com/go-sql-driver/mysql"
  packages = ["."]
  pruneopts = "UT"
  revision = "72cd26f257d44c1114970e19afddcd812016007e"
  version = "v1.4.1"

[[projects]]
  digest = "1:d5f97fc268267ec1b61c3453058c738246fc3e746f14b1ae25161513b7367b0c"
  name = "github.com/gorilla/mux"
  packages = ["."]
  pruneopts = "UT"
  revision = "c5c6c98bc25355028a63748a498942a6398ccd22"
  version = "v1.7.1"

[[projects]]
  digest = "1:420ec120a74b22e8a967f2a2928d89503e373848c0d4447d16ddbbbef9a9965c"
  name = "github.com/jinzhu/gorm"
  packages = [
    ".",
    "dialects/mysql",
  ]
  pruneopts = "UT"
  revision = "472c70caa40267cb89fd8facb07fe6454b578626"
  version = "v1.9.2"

[[projects]]
  branch = "master"
  digest = "1:fd97437fbb6b7dce04132cf06775bd258cce305c44add58eb55ca86c6c325160"
  name = "github.com/jinzhu/inflection"
  packages = ["."]
  pruneopts = "UT"
  revision = "04140366298a54a039076d798123ffa108fff46c"

[[projects]]
  digest = "1:ecd9aa82687cf31d1585d4ac61d0ba180e42e8a6182b85bd785fcca8dfeefc1b"
  name = "github.com/joho/godotenv"
  packages = ["."]
  pruneopts = "UT"
  revision = "23d116af351c84513e1946b527c88823e476be13"
  version = "v1.3.0"

[[projects]]
  digest = "1:31e761d97c76151dde79e9d28964a812c46efc5baee4085b86f68f0c654450de"
  name = "github.com/konsorten/go-windows-terminal-sequences"
  packages = ["."]
  pruneopts = "UT"
  revision = "f55edac94c9bbba5d6182a4be46d86a2c9b5b50e"
  version = "v1.0.2"

[[projects]]
  digest = "1:cf31692c14422fa27c83a05292eb5cbe0fb2775972e8f1f8446a71549bd8980b"
  name = "github.com/pkg/errors"
  packages = ["."]
  pruneopts = "UT"
  revision = "ba968bfe8b2f7e042a574c888954fccecfa385b4"
  version = "v0.8.1"

[[projects]]
  digest = "1:274f67cb6fed9588ea2521ecdac05a6d62a8c51c074c1fccc6a49a40ba80e925"
  name = "github.com/satori/go.uuid"
  packages = ["."]
  pruneopts = "UT"
  revision = "f58768cc1a7a7e77a3bd49e98cdd21419399b6a3"
  version = "v1.2.0"

[[projects]]
  digest = "1:fd61cf4ae1953d55df708acb6b91492d538f49c305b364a014049914495db426"
  name = "github.com/sirupsen/logrus"
  packages = ["."]
  pruneopts = "UT"
  revision = "8bdbc7bcc01dcbb8ec23dc8a28e332258d25251f"
  version = "v1.4.1"

[[projects]]
  branch = "master"
  digest = "1:9d5b5d543996dd584da1db1e0de1926f3e4c3a8dba0fa2f8db70f3ebee2342e0"
  name = "golang.org/x/crypto"
  packages = [
    "bcrypt",
    "blowfish",
  ]
  pruneopts = "UT"
  revision = "88737f569e3a9c7ab309cdc09a07fe7fc87233c3"

[[projects]]
  branch = "master"
  digest = "1:3e01c69b34e7c3fa4b7a118ca95a6beaecea00f7f4fb701545d83eacd3badb3c"
  name = "golang.org/x/sys"
  packages = ["unix"]
  pruneopts = "UT"
  revision = "97732733099d6a942a73b889770774366de963ed"

[[projects]]
  digest = "1:c25289f43ac4a68d88b02245742347c94f1e108c534dda442188015ff80669b3"
  name = "google.golang.org/appengine"
  packages = ["cloudsql"]
  pruneopts = "UT"
  revision = "54a98f90d1c46b7731eb8fb305d2a321c30ef610"
  version = "v1.5.0"

[solve-meta]
  analyzer-name = "dep"
  analyzer-version = 1
  input-imports = [
    "github.com/caarlos0/env",
    "github.com/dgrijalva/jwt-go",
    "github.com/getsentry/raven-go",
    "github.com/go-playground/log",
    "github.com/gorilla/mux",
    "github.com/jinzhu/gorm",
    "github.com/jinzhu/gorm/dialects/mysql",
    "github.com/joho/godotenv",
    "github.com/satori/go.uuid",
    "github.com/sirupsen/logrus",
    "golang.org/x/crypto/bcrypt",
  ]
  solver-name = "gps-cdcl"
  solver-version = 1
